Microsoft Visual Studio Solution File, Format Version 12.00
# Visual Studio Version 17
VisualStudioVersion = 17.0.31903.59
MinimumVisualStudioVersion = 10.0.40219.1
Project("{FAE04EC0-301F-11D3-BF4B-00C04F79EFBC}") = "BandKeeper.Core", "src/BandKeeper.Core/BandKeeper.Core.csproj", "{A98A4B03-81A8-4D99-9354-C42EAA2CC3D3}"
EndProject
Project("{FAE04EC0-301F-11D3-BF4B-00C04F79EFBC}") = "BandKeeper.Infrastructure", "src/BandKeeper.Infrastructure/BandKeeper.Infrastructure.csproj", "{6A6635DB-EA24-44A0-B094-39CD15472A06}"
EndProject
Project("{FAE04EC0-301F-11D3-BF4B-00C04F79EFBC}") = "BandKeeper.Widget", "src/BandKeeper.Widget/BandKeeper.Widget.csproj", "{6AD199DE-7394-40AA-8FDB-CBC4C4CFAB58}"
EndProject
Global
	GlobalSection(SolutionConfigurationPlatforms) = preSolution
		Debug|Any CPU = Debug|Any CPU
		Release|Any CPU = Release|Any CPU
	EndGlobalSection
	GlobalSection(ProjectConfigurationPlatforms) = postSolution
		{A98A4B03-81A8-4D99-9354-C42EAA2CC3D3}.Debug|Any CPU.ActiveCfg = Debug|Any CPU
		{A98A4B03-81A8-4D99-9354-C42EAA2CC3D3}.Debug|Any CPU.Build.0 = Debug|Any CPU
		{A98A4B03-81A8-4D99-9354-C42EAA2CC3D3}.Release|Any CPU.ActiveCfg = Release|Any CPU
		{A98A4B03-81A8-4D99-9354-C42EAA2CC3D3}.Release|Any CPU.Build.0 = Release|Any CPU
		{6A6635DB-EA24-44A0-B094-39CD15472A06}.Debug|Any CPU.ActiveCfg = Debug|Any CPU
		{6A6635DB-EA24-44A0-B094-39CD15472A06}.Debug|Any CPU.Build.0 = Debug|Any CPU
		{6A6635DB-EA24-44A0-B094-39CD15472A06}.Release|Any CPU.ActiveCfg = Release|Any CPU
		{6A6635DB-EA24-44A0-B094-39CD15472A06}.Release|Any CPU.Build.0 = Release|Any CPU
		{6AD199DE-7394-40AA-8FDB-CBC4C4CFAB58}.Debug|Any CPU.ActiveCfg = Debug|Any CPU
		{6AD199DE-7394-40AA-8FDB-CBC4C4CFAB58}.Debug|Any CPU.Build.0 = Debug|Any CPU
		{6AD199DE-7394-40AA-8FDB-CBC4C4CFAB58}.Release|Any CPU.ActiveCfg = Release|Any CPU
		{6AD199DE-7394-40AA-8FDB-CBC4C4CFAB58}.Release|Any CPU.Build.0 = Release|Any CPU
	EndGlobalSection
	GlobalSection(SolutionProperties) = preSolution
		HideSolutionNode = FALSE
	EndGlobalSection
EndGlobal
